
Microsoft Visual Studio Solution File, Format Version 12.00
# Visual Studio Version 17
VisualStudioVersion = 17.5.002.0
MinimumVisualStudioVersion = 10.0.40219.1
Project("{2150E333-8FDC-42A3-9474-1A3956D46DE8}") = "src", "src", "{C315A171-6E0A-4880-9253-92B989131294}"
EndProject
Project("{9A19103F-16F7-4668-BE54-9A1E7A4F7556}") = "Backend", "src\Backend\Backend.csproj", "{677FB0AD-D5A9-4C40-9786-71C27EDC1450}"
EndProject
Global
	GlobalSection(SolutionConfigurationPlatforms) = preSolution
		Debug|Any CPU = Debug|Any CPU
		Release|Any CPU = Release|Any CPU
	EndGlobalSection
	GlobalSection(ProjectConfigurationPlatforms) = postSolution
		{677FB0AD-D5A9-4C40-9786-71C27EDC1450}.Debug|Any CPU.ActiveCfg = Debug|Any CPU
		{677FB0AD-D5A9-4C40-9786-71C27EDC1450}.Debug|Any CPU.Build.0 = Debug|Any CPU
		{677FB0AD-D5A9-4C40-9786-71C27EDC1450}.Release|Any CPU.ActiveCfg = Release|Any CPU
		{677FB0AD-D5A9-4C40-9786-71C27EDC1450}.Release|Any CPU.Build.0 = Release|Any CPU
	EndGlobalSection
	GlobalSection(SolutionProperties) = preSolution
		HideSolutionNode = FALSE
	EndGlobalSection
	GlobalSection(NestedProjects) = preSolution
		{677FB0AD-D5A9-4C40-9786-71C27EDC1450} = {C315A171-6E0A-4880-9253-92B989131294}
	EndGlobalSection
	GlobalSection(ExtensibilityGlobals) = postSolution
		SolutionGuid = {9E774E37-D274-4814-A2F5-84A2B932F59A}
	EndGlobalSection
EndGlobal
